
Microsoft Visual Studio Solution File, Format Version 12.00
# Visual Studio Version 17
VisualStudioVersion = 17.8.34511.84
MinimumVisualStudioVersion = 10.0.40219.1
Project("{FAE04EC0-301F-11D3-BF4B-00C04F79EFBC}") = "Specification", "Specification\Specification.csproj", "{42EEEEC5-567B-43F6-8A68-7FA595B6D963}"
EndProject
Global
	GlobalSection(SolutionConfigurationPlatforms) = preSolution
		Debug|Any CPU = Debug|Any CPU
		Release|Any CPU = Release|Any CPU
	EndGlobalSection
	GlobalSection(ProjectConfigurationPlatforms) = postSolution
		{42EEEEC5-567B-43F6-8A68-7FA595B6D963}.Debug|Any CPU.ActiveCfg = Debug|Any CPU
		{42EEEEC5-567B-43F6-8A68-7FA595B6D963}.Debug|Any CPU.Build.0 = Debug|Any CPU
		{42EEEEC5-567B-43F6-8A68-7FA595B6D963}.Release|Any CPU.ActiveCfg = Release|Any CPU
		{42EEEEC5-567B-43F6-8A68-7FA595B6D963}.Release|Any CPU.Build.0 = Release|Any CPU
	EndGlobalSection
	GlobalSection(SolutionProperties) = preSolution
		HideSolutionNode = FALSE
	EndGlobalSection
	GlobalSection(ExtensibilityGlobals) = postSolution
		SolutionGuid = {12D1CBA7-0655-4A09-8CD1-DCE239BED902}
	EndGlobalSection
EndGlobal
